// !$*UTF8*$!
{
	archiveVersion = 1;
	classes = {
	};
	objectVersion = 50;
	objects = {

/* Begin PBXBuildFile section */
		18E37EE8225C9CDE004F5DE8 /* AppDelegate.m in Sources */ = {isa = PBXBuildFile; fileRef = 18E37EE7225C9CDE004F5DE8 /* AppDelegate.m */; };
		18E37EEB225C9CDE004F5DE8 /* ViewController.m in Sources */ = {isa = PBXBuildFile; fileRef = 18E37EEA225C9CDE004F5DE8 /* ViewController.m */; };
		18E37EED225C9CE0004F5DE8 /* Assets.xcassets in Resources */ = {isa = PBXBuildFile; fileRef = 18E37EEC225C9CE0004F5DE8 /* Assets.xcassets */; };
		18E37EF0225C9CE0004F5DE8 /* Main.storyboard in Resources */ = {isa = PBXBuildFile; fileRef = 18E37EEE225C9CE0004F5DE8 /* Main.storyboard */; };
		18E37EF3225C9CE0004F5DE8 /* main.m in Sources */ = {isa = PBXBuildFile; fileRef = 18E37EF2225C9CE0004F5DE8 /* main.m */; };
		18E37EFE225C9CE0004F5DE8 /* DealWithLogoTests.m in Sources */ = {isa = PBXBuildFile; fileRef = 18E37EFD225C9CE0004F5DE8 /* DealWithLogoTests.m */; };
/* End PBXBuildFile section */

/* Begin PBXContainerItemProxy section */
		18E37EFA225C9CE0004F5DE8 /* PBXContainerItemProxy */ = {
			isa = PBXContainerItemProxy;
			containerPortal = 18E37EDB225C9CDE004F5DE8 /* Project object */;
			proxyType = 1;
			remoteGlobalIDString = 18E37EE2225C9CDE004F5DE8;
			remoteInfo = DealWithLogo;
		};
/* End PBXContainerItemProxy section */

/* Begin PBXFileReference section */
		18E37EE3225C9CDE004F5DE8 /* DealWithLogo.app */ = {isa = PBXFileReference; explicitFileType = wrapper.application; includeInIndex = 0; path = DealWithLogo.app; sourceTree = BUILT_PRODUCTS_DIR; };
		18E37EE6225C9CDE004F5DE8 /* AppDelegate.h */ = {isa = PBXFileReference; lastKnownFileType = sourcecode.c.h; path = AppDelegate.h; sourceTree = "<group>"; };
		18E37EE7225C9CDE004F5DE8 /* AppDelegate.m */ = {isa = PBXFileReference; lastKnownFileType = sourcecode.c.objc; path = AppDelegate.m; sourceTree = "<group>"; };
		18E37EE9225C9CDE004F5DE8 /* ViewController.h */ = {isa = PBXFileReference; lastKnownFileType = sourcecode.c.h; path = ViewController.h; sourceTree = "<group>"; };
		18E37EEA225C9CDE004F5DE8 /* ViewController.m */ = {isa = PBXFileReference; lastKnownFileType = sourcecode.c.objc; path = ViewController.m; sourceTree = "<group>"; };
		18E37EEC225C9CE0004F5DE8 /* Assets.xcassets */ = {isa = PBXFileReference; lastKnownFileType = folder.assetcatalog; path = Assets.xcassets; sourceTree = "<group>"; };
		18E37EEF225C9CE0004F5DE8 /* Base */ = {isa = PBXFileReference; lastKnownFileType = file.storyboard; name = Base; path = Base.lproj/Main.storyboard; sourceTree = "<group>"; };
		18E37EF1225C9CE0004F5DE8 /* Info.plist */ = {isa = PBXFileReference; lastKnownFileType = text.plist.xml; path = Info.plist; sourceTree = "<group>"; };
		18E37EF2225C9CE0004F5DE8 /* main.m */ = {isa = PBXFileReference; lastKnownFileType = sourcecode.c.objc; path = main.m; sourceTree = "<group>"; };
		18E37EF4225C9CE0004F5DE8 /* DealWithLogo.entitlements */ = {isa = PBXFileReference; lastKnownFileType = text.plist.entitlements; path = DealWithLogo.entitlements; sourceTree = "<group>"; };
		18E37EF9225C9CE0004F5DE8 /* DealWithLogoTests.xctest */ = {isa = PBXFileReference; explicitFileType = wrapper.cfbundle; includeInIndex = 0; path = DealWithLogoTests.xctest; sourceTree = BUILT_PRODUCTS_DIR; };
		18E37EFD225C9CE0004F5DE8 /* DealWithLogoTests.m */ = {isa = PBXFileReference; lastKnownFileType = sourcecode.c.objc; path = DealWithLogoTests.m; sourceTree = "<group>"; };
		18E37EFF225C9CE0004F5DE8 /* Info.plist */ = {isa = PBXFileReference; lastKnownFileType = text.plist.xml; path = Info.plist; sourceTree = "<group>"; };
/* End PBXFileReference section */

/* Begin PBXFrameworksBuildPhase section */
		18E37EE0225C9CDE004F5DE8 /* Frameworks */ = {
			isa = PBXFrameworksBuildPhase;
			buildActionMask = 2147483647;
			files = (
			);
			runOnlyForDeploymentPostprocessing = 0;
		};
		18E37EF6225C9CE0004F5DE8 /* Frameworks */ = {
			isa = PBXFrameworksBuildPhase;
			buildActionMask = 2147483647;
			files = (
			);
			runOnlyForDeploymentPostprocessing = 0;
		};
/* End PBXFrameworksBuildPhase section */

/* Begin PBXGroup section */
		18E37EDA225C9CDE004F5DE8 = {
			isa = PBXGroup;
			children = (
				18E37EE5225C9CDE004F5DE8 /* DealWithLogo */,
				18E37EFC225C9CE0004F5DE8 /* DealWithLogoTests */,
				18E37EE4225C9CDE004F5DE8 /* Products */,
			);
			sourceTree = "<group>";
		};
		18E37EE4225C9CDE004F5DE8 /* Products */ = {
			isa = PBXGroup;
			children = (
				18E37EE3225C9CDE004F5DE8 /* DealWithLogo.app */,
				18E37EF9225C9CE0004F5DE8 /* DealWithLogoTests.xctest */,
			);
			name = Products;
			sourceTree = "<group>";
		};
		18E37EE5225C9CDE004F5DE8 /* DealWithLogo */ = {
			isa = PBXGroup;
			children = (
				18E37EE6225C9CDE004F5DE8 /* AppDelegate.h */,
				18E37EE7225C9CDE004F5DE8 /* AppDelegate.m */,
				18E37EE9225C9CDE004F5DE8 /* ViewController.h */,
				18E37EEA225C9CDE004F5DE8 /* ViewController.m */,
				18E37EEC225C9CE0004F5DE8 /* Assets.xcassets */,
				18E37EEE225C9CE0004F5DE8 /* Main.storyboard */,
				18E37EF1225C9CE0004F5DE8 /* Info.plist */,
				18E37EF2225C9CE0004F5DE8 /* main.m */,
				18E37EF4225C9CE0004F5DE8 /* DealWithLogo.entitlements */,
			);
			path = DealWithLogo;
			sourceTree = "<group>";
		};
		18E37EFC225C9CE0004F5DE8 /* DealWithLogoTests */ = {
			isa = PBXGroup;
			children = (
				18E37EFD225C9CE0004F5DE8 /* DealWithLogoTests.m */,
				18E37EFF225C9CE0004F5DE8 /* Info.plist */,
			);
			path = DealWithLogoTests;
			sourceTree = "<group>";
		};
/* End PBXGroup section */

/* Begin PBXNativeTarget section */
		18E37EE2225C9CDE004F5DE8 /* DealWithLogo */ = {
			isa = PBXNativeTarget;
			buildConfigurationList = 18E37F02225C9CE0004F5DE8 /* Build configuration list for PBXNativeTarget "DealWithLogo" */;
			buildPhases = (
				18E37EDF225C9CDE004F5DE8 /* Sources */,
				18E37EE0225C9CDE004F5DE8 /* Frameworks */,
				18E37EE1225C9CDE004F5DE8 /* Resources */,
			);
			buildRules = (
			);
			dependencies = (
			);
			name = DealWithLogo;
			productName = DealWithLogo;
			productReference = 18E37EE3225C9CDE004F5DE8 /* DealWithLogo.app */;
			productType = "com.apple.product-type.application";
		};
		18E37EF8225C9CE0004F5DE8 /* DealWithLogoTests */ = {
			isa = PBXNativeTarget;
			buildConfigurationList = 18E37F05225C9CE0004F5DE8 /* Build configuration list for PBXNativeTarget "DealWithLogoTests" */;
			buildPhases = (
				18E37EF5225C9CE0004F5DE8 /* Sources */,
				18E37EF6225C9CE0004F5DE8 /* Frameworks */,
				18E37EF7225C9CE0004F5DE8 /* Resources */,
			);
			buildRules = (
			);
			dependencies = (
				18E37EFB225C9CE0004F5DE8 /* PBXTargetDependency */,
			);
			name = DealWithLogoTests;
			productName = DealWithLogoTests;
			productReference = 18E37EF9225C9CE0004F5DE8 /* DealWithLogoTests.xctest */;
			productType = "com.apple.product-type.bundle.unit-test";
		};
/* End PBXNativeTarget section */

/* Begin PBXProject section */
		18E37EDB225C9CDE004F5DE8 /* Project object */ = {
			isa = PBXProject;
			attributes = {
				LastUpgradeCheck = 1010;
				ORGANIZATIONNAME = apple;
				TargetAttributes = {
					18E37EE2225C9CDE004F5DE8 = {
						CreatedOnToolsVersion = 10.1;
						SystemCapabilities = {
							com.apple.Sandbox = {
								enabled = 0;
							};
						};
					};
					18E37EF8225C9CE0004F5DE8 = {
						CreatedOnToolsVersion = 10.1;
						TestTargetID = 18E37EE2225C9CDE004F5DE8;
					};
				};
			};
			buildConfigurationList = 18E37EDE225C9CDE004F5DE8 /* Build configuration list for PBXProject "DealWithLogo" */;
			compatibilityVersion = "Xcode 9.3";
			developmentRegion = en;
			hasScannedForEncodings = 0;
			knownRegions = (
				en,
				Base,
			);
			mainGroup = 18E37EDA225C9CDE004F5DE8;
			productRefGroup = 18E37EE4225C9CDE004F5DE8 /* Products */;
			projectDirPath = "";
			projectRoot = "";
			targets = (
				18E37EE2225C9CDE004F5DE8 /* DealWithLogo */,
				18E37EF8225C9CE0004F5DE8 /* DealWithLogoTests */,
			);
		};
/* End PBXProject section */

/* Begin PBXResourcesBuildPhase section */
		18E37EE1225C9CDE004F5DE8 /* Resources */ = {
			isa = PBXResourcesBuildPhase;
			buildActionMask = 2147483647;
			files = (
				18E37EED225C9CE0004F5DE8 /* Assets.xcassets in Resources */,
				18E37EF0225C9CE0004F5DE8 /* Main.storyboard in Resources */,
			);
			runOnlyForDeploymentPostprocessing = 0;
		};
		18E37EF7225C9CE0004F5DE8 /* Resources */ = {
			isa = PBXResourcesBuildPhase;
			buildActionMask = 2147483647;
			files = (
			);
			runOnlyForDeploymentPostprocessing = 0;
		};
/* End PBXResourcesBuildPhase section */

/* Begin PBXSourcesBuildPhase section */
		18E37EDF225C9CDE004F5DE8 /* Sources */ = {
			isa = PBXSourcesBuildPhase;
			buildActionMask = 2147483647;
			files = (
				18E37EEB225C9CDE004F5DE8 /* ViewController.m in Sources */,
				18E37EF3225C9CE0004F5DE8 /* main.m in Sources */,
				18E37EE8225C9CDE004F5DE8 /* AppDelegate.m in Sources */,
			);
			runOnlyForDeploymentPostprocessing = 0;
		};
		18E37EF5225C9CE0004F5DE8 /* Sources */ = {
			isa = PBXSourcesBuildPhase;
			buildActionMask = 2147483647;
			files = (
				18E37EFE225C9CE0004F5DE8 /* DealWithLogoTests.m in Sources */,
			);
			runOnlyForDeploymentPostprocessing = 0;
		};
/* End PBXSourcesBuildPhase section */

/* Begin PBXTargetDependency section */
		18E37EFB225C9CE0004F5DE8 /* PBXTargetDependency */ = {
			isa = PBXTargetDependency;
			target = 18E37EE2225C9CDE004F5DE8 /* DealWithLogo */;
			targetProxy = 18E37EFA225C9CE0004F5DE8 /* PBXContainerItemProxy */;
		};
/* End PBXTargetDependency section */

/* Begin PBXVariantGroup section */
		18E37EEE225C9CE0004F5DE8 /* Main.storyboard */ = {
			isa = PBXVariantGroup;
			children = (
				18E37EEF225C9CE0004F5DE8 /* Base */,
			);
			name = Main.storyboard;
			sourceTree = "<group>";
		};
/* End PBXVariantGroup section */

/* Begin XCBuildConfiguration section */
		18E37F00225C9CE0004F5DE8 /* Debug */ = {
			isa = XCBuildConfiguration;
			buildSettings = {
				ALWAYS_SEARCH_USER_PATHS = NO;
				CLANG_ANALYZER_NONNULL = YES;
				CLANG_ANALYZER_NUMBER_OBJECT_CONVERSION = YES_AGGRESSIVE;
				CLANG_CXX_LANGUAGE_STANDARD = "gnu++14";
				CLANG_CXX_LIBRARY = "libc++";
				CLANG_ENABLE_MODULES = YES;
				CLANG_ENABLE_OBJC_ARC = YES;
				CLANG_ENABLE_OBJC_WEAK = YES;
				CLANG_WARN_BLOCK_CAPTURE_AUTORELEASING = YES;
				CLANG_WARN_BOOL_CONVERSION = YES;
				CLANG_WARN_COMMA = YES;
				CLANG_WARN_CONSTANT_CONVERSION = YES;
				CLANG_WARN_DEPRECATED_OBJC_IMPLEMENTATIONS = YES;
				CLANG_WARN_DIRECT_OBJC_ISA_USAGE = YES_ERROR;
				CLANG_WARN_DOCUMENTATION_COMMENTS = YES;
				CLANG_WARN_EMPTY_BODY = YES;
				CLANG_WARN_ENUM_CONVERSION = YES;
				CLANG_WARN_INFINITE_RECURSION = YES;
				CLANG_WARN_INT_CONVERSION = YES;
				CLANG_WARN_NON_LITERAL_NULL_CONVERSION = YES;
				CLANG_WARN_OBJC_IMPLICIT_RETAIN_SELF = YES;
				CLANG_WARN_OBJC_LITERAL_CONVERSION = YES;
				CLANG_WARN_OBJC_ROOT_CLASS = YES_ERROR;
				CLANG_WARN_RANGE_LOOP_ANALYSIS = YES;
				CLANG_WARN_STRICT_PROTOTYPES = YES;
				CLANG_WARN_SUSPICIOUS_MOVE = YES;
				CLANG_WARN_UNGUARDED_AVAILABILITY = YES_AGGRESSIVE;
				CLANG_WARN_UNREACHABLE_CODE = YES;
				CLANG_WARN__DUPLICATE_METHOD_MATCH = YES;
				CODE_SIGN_IDENTITY = "Mac Developer";
				COPY_PHASE_STRIP = NO;
				DEBUG_INFORMATION_FORMAT = dwarf;
				ENABLE_STRICT_OBJC_MSGSEND = YES;
				ENABLE_TESTABILITY = YES;
				GCC_C_LANGUAGE_STANDARD = gnu11;
				GCC_DYNAMIC_NO_PIC = NO;
				GCC_NO_COMMON_BLOCKS = YES;
				GCC_OPTIMIZATION_LEVEL = 0;
				GCC_PREPROCESSOR_DEFINITIONS = (
					"DEBUG=1",
					"$(inherited)",
				);
				GCC_WARN_64_TO_32_BIT_CONVERSION = YES;
				GCC_WARN_ABOUT_RETURN_TYPE = YES_ERROR;
				GCC_WARN_UNDECLARED_SELECTOR = YES;
				GCC_WARN_UNINITIALIZED_AUTOS = YES_AGGRESSIVE;
				GCC_WARN_UNUSED_FUNCTION = YES;
				GCC_WARN_UNUSED_VARIABLE = YES;
				MACOSX_DEPLOYMENT_TARGET = 10.14;
				MTL_ENABLE_DEBUG_INFO = INCLUDE_SOURCE;
				MTL_FAST_MATH = YES;
				ONLY_ACTIVE_ARCH = YES;
				SDKROOT = macosx;
			};
			name = Debug;
		};
		18E37F01225C9CE0004F5DE8 /* Release */ = {
			isa = XCBuildConfiguration;
			buildSettings = {
				ALWAYS_SEARCH_USER_PATHS = NO;
				CLANG_ANALYZER_NONNULL = YES;
				CLANG_ANALYZER_NUMBER_OBJECT_CONVERSION = YES_AGGRESSIVE;
				CLANG_CXX_LANGUAGE_STANDARD = "gnu++14";
				CLANG_CXX_LIBRARY = "libc++";
				CLANG_ENABLE_MODULES = YES;
				CLANG_ENABLE_OBJC_ARC = YES;
				CLANG_ENABLE_OBJC_WEAK = YES;
				CLANG_WARN_BLOCK_CAPTURE_AUTORELEASING = YES;
				CLANG_WARN_BOOL_CONVERSION = YES;
				CLANG_WARN_COMMA = YES;
				CLANG_WARN_CONSTANT_CONVERSION = YES;
				CLANG_WARN_DEPRECATED_OBJC_IMPLEMENTATIONS = YES;
				CLANG_WARN_DIRECT_OBJC_ISA_USAGE = YES_ERROR;
				CLANG_WARN_DOCUMENTATION_COMMENTS = YES;
				CLANG_WARN_EMPTY_BODY = YES;
				CLANG_WARN_ENUM_CONVERSION = YES;
				CLANG_WARN_INFINITE_RECURSION = YES;
				CLANG_WARN_INT_CONVERSION = YES;
				CLANG_WARN_NON_LITERAL_NULL_CONVERSION = YES;
				CLANG_WARN_OBJC_IMPLICIT_RETAIN_SELF = YES;
				CLANG_WARN_OBJC_LITERAL_CONVERSION = YES;
				CLANG_WARN_OBJC_ROOT_CLASS = YES_ERROR;
				CLANG_WARN_RANGE_LOOP_ANALYSIS = YES;
				CLANG_WARN_STRICT_PROTOTYPES = YES;
				CLANG_WARN_SUSPICIOUS_MOVE = YES;
				CLANG_WARN_UNGUARDED_AVAILABILITY = YES_AGGRESSIVE;
				CLANG_WARN_UNREACHABLE_CODE = YES;
				CLANG_WARN__DUPLICATE_METHOD_MATCH = YES;
				CODE_SIGN_IDENTITY = "Mac Developer";
				COPY_PHASE_STRIP = NO;
				DEBUG_INFORMATION_FORMAT = "dwarf-with-dsym";
				ENABLE_NS_ASSERTIONS = NO;
				ENABLE_STRICT_OBJC_MSGSEND = YES;
				GCC_C_LANGUAGE_STANDARD = gnu11;
				GCC_NO_COMMON_BLOCKS = YES;
				GCC_WARN_64_TO_32_BIT_CONVERSION = YES;
				GCC_WARN_ABOUT_RETURN_TYPE = YES_ERROR;
				GCC_WARN_UNDECLARED_SELECTOR = YES;
				GCC_WARN_UNINITIALIZED_AUTOS = YES_AGGRESSIVE;
				GCC_WARN_UNUSED_FUNCTION = YES;
				GCC_WARN_UNUSED_VARIABLE = YES;
				MACOSX_DEPLOYMENT_TARGET = 10.14;
				MTL_ENABLE_DEBUG_INFO = NO;
				MTL_FAST_MATH = YES;
				SDKROOT = macosx;
			};
			name = Release;
		};
		18E37F03225C9CE0004F5DE8 /* Debug */ = {
			isa = XCBuildConfiguration;
			buildSettings = {
				ASSETCATALOG_COMPILER_APPICON_NAME = AppIcon;
				CODE_SIGN_STYLE = Automatic;
				COMBINE_HIDPI_IMAGES = YES;
				DEVELOPMENT_TEAM = 769VT32NP2;
				INFOPLIST_FILE = DealWithLogo/Info.plist;
				LD_RUNPATH_SEARCH_PATHS = (
					"$(inherited)",
					"@executable_path/../Frameworks",
				);
				PRODUCT_BUNDLE_IDENTIFIER = com.zksw.DealWithLogo;
				PRODUCT_NAME = "$(TARGET_NAME)";
			};
			name = Debug;
		};
		18E37F04225C9CE0004F5DE8 /* Release */ = {
			isa = XCBuildConfiguration;
			buildSettings = {
				ASSETCATALOG_COMPILER_APPICON_NAME = AppIcon;
				CODE_SIGN_STYLE = Automatic;
				COMBINE_HIDPI_IMAGES = YES;
				DEVELOPMENT_TEAM = 769VT32NP2;
				INFOPLIST_FILE = DealWithLogo/Info.plist;
				LD_RUNPATH_SEARCH_PATHS = (
					"$(inherited)",
					"@executable_path/../Frameworks",
				);
				PRODUCT_BUNDLE_IDENTIFIER = com.zksw.DealWithLogo;
				PRODUCT_NAME = "$(TARGET_NAME)";
			};
			name = Release;
		};
		18E37F06225C9CE0004F5DE8 /* Debug */ = {
			isa = XCBuildConfiguration;
			buildSettings = {
				BUNDLE_LOADER = "$(TEST_HOST)";
				CODE_SIGN_STYLE = Automatic;
				COMBINE_HIDPI_IMAGES = YES;
				DEVELOPMENT_TEAM = 769VT32NP2;
				INFOPLIST_FILE = DealWithLogoTests/Info.plist;
				LD_RUNPATH_SEARCH_PATHS = (
					"$(inherited)",
					"@executable_path/../Frameworks",
					"@loader_path/../Frameworks",
				);
				PRODUCT_BUNDLE_IDENTIFIER = com.zksw.DealWithLogoTests;
				PRODUCT_NAME = "$(TARGET_NAME)";
				TEST_HOST = "$(BUILT_PRODUCTS_DIR)/DealWithLogo.app/Contents/MacOS/DealWithLogo";
			};
			name = Debug;
		};
		18E37F07225C9CE0004F5DE8 /* Release */ = {
			isa = XCBuildConfiguration;
			buildSettings = {
				BUNDLE_LOADER = "$(TEST_HOST)";
				CODE_SIGN_STYLE = Automatic;
				COMBINE_HIDPI_IMAGES = YES;
				DEVELOPMENT_TEAM = 769VT32NP2;
				INFOPLIST_FILE = DealWithLogoTests/Info.plist;
				LD_RUNPATH_SEARCH_PATHS = (
					"$(inherited)",
					"@executable_path/../Frameworks",
					"@loader_path/../Frameworks",
				);
				PRODUCT_BUNDLE_IDENTIFIER = com.zksw.DealWithLogoTests;
				PRODUCT_NAME = "$(TARGET_NAME)";
				TEST_HOST = "$(BUILT_PRODUCTS_DIR)/DealWithLogo.app/Contents/MacOS/DealWithLogo";
			};
			name = Release;
		};
/* End XCBuildConfiguration section */

/* Begin XCConfigurationList section */
		18E37EDE225C9CDE004F5DE8 /* Build configuration list for PBXProject "DealWithLogo" */ = {
			isa = XCConfigurationList;
			buildConfigurations = (
				18E37F00225C9CE0004F5DE8 /* Debug */,
				18E37F01225C9CE0004F5DE8 /* Release */,
			);
			defaultConfigurationIsVisible = 0;
			defaultConfigurationName = Release;
		};
		18E37F02225C9CE0004F5DE8 /* Build configuration list for PBXNativeTarget "DealWithLogo" */ = {
			isa = XCConfigurationList;
			buildConfigurations = (
				18E37F03225C9CE0004F5DE8 /* Debug */,
				18E37F04225C9CE0004F5DE8 /* Release */,
			);
			defaultConfigurationIsVisible = 0;
			defaultConfigurationName = Release;
		};
		18E37F05225C9CE0004F5DE8 /* Build configuration list for PBXNativeTarget "DealWithLogoTests" */ = {
			isa = XCConfigurationList;
			buildConfigurations = (
				18E37F06225C9CE0004F5DE8 /* Debug */,
				18E37F07225C9CE0004F5DE8 /* Release */,
			);
			defaultConfigurationIsVisible = 0;
			defaultConfigurationName = Release;
		};
/* End XCConfigurationList section */
	};
	rootObject = 18E37EDB225C9CDE004F5DE8 /* Project object */;
}
